
Microsoft Visual Studio Solution File, Format Version 12.00
# Visual Studio Version 17
VisualStudioVersion = 17.2.32616.157
MinimumVisualStudioVersion = 10.0.40219.1
Project("{FAE04EC0-301F-11D3-BF4B-00C04F79EFBC}") = "EmployeeManagementSystem", "EmployeeManagementSystem\EmployeeManagementSystem.csproj", "{07E92A52-9438-45C4-B1EE-54AB8772DC2F}"
EndProject
Global
	GlobalSection(SolutionConfigurationPlatforms) = preSolution
		Debug|Any CPU = Debug|Any CPU
		Release|Any CPU = Release|Any CPU
	EndGlobalSection
	GlobalSection(ProjectConfigurationPlatforms) = postSolution
		{07E92A52-9438-45C4-B1EE-54AB8772DC2F}.Debug|Any CPU.ActiveCfg = Debug|Any CPU
		{07E92A52-9438-45C4-B1EE-54AB8772DC2F}.Debug|Any CPU.Build.0 = Debug|Any CPU
		{07E92A52-9438-45C4-B1EE-54AB8772DC2F}.Release|Any CPU.ActiveCfg = Release|Any CPU
		{07E92A52-9438-45C4-B1EE-54AB8772DC2F}.Release|Any CPU.Build.0 = Release|Any CPU
	EndGlobalSection
	GlobalSection(SolutionProperties) = preSolution
		HideSolutionNode = FALSE
	EndGlobalSection
	GlobalSection(ExtensibilityGlobals) = postSolution
		SolutionGuid = {40CC2E83-05A6-4224-8AFF-AFFB8CE73F19}
	EndGlobalSection
EndGlobal
